// !$*UTF8*$!
{
	archiveVersion = 1;
	classes = {
	};
	objectVersion = 56;
	objects = {

/* Begin PBXBuildFile section */
		8607E55D2954F18300254FCD /* MainView.swift in Sources */ = {isa = PBXBuildFile; fileRef = 8607E55C2954F18300254FCD /* MainView.swift */; };
		8607E55F2954F18400254FCD /* Assets.xcassets in Resources */ = {isa = PBXBuildFile; fileRef = 8607E55E2954F18400254FCD /* Assets.xcassets */; };
		8607E5622954F18400254FCD /* Preview Assets.xcassets in Resources */ = {isa = PBXBuildFile; fileRef = 8607E5612954F18400254FCD /* Preview Assets.xcassets */; };
		8607E56B2954F4EF00254FCD /* URLRequestManager.swift in Sources */ = {isa = PBXBuildFile; fileRef = 8607E56A2954F4EF00254FCD /* URLRequestManager.swift */; };
		8607E56E2954F54600254FCD /* ProductListModel.swift in Sources */ = {isa = PBXBuildFile; fileRef = 8607E56D2954F54600254FCD /* ProductListModel.swift */; };
		8607E5712954F68F00254FCD /* NavigationTranisitionStyle.swift in Sources */ = {isa = PBXBuildFile; fileRef = 8607E5702954F68F00254FCD /* NavigationTranisitionStyle.swift */; };
		8607E5732954F69800254FCD /* NavigationRouter.swift in Sources */ = {isa = PBXBuildFile; fileRef = 8607E5722954F69800254FCD /* NavigationRouter.swift */; };
		8607E5762954F6A700254FCD /* Coordinator.swift in Sources */ = {isa = PBXBuildFile; fileRef = 8607E5752954F6A700254FCD /* Coordinator.swift */; };
		8607E5782954F6AC00254FCD /* AppRouter.swift in Sources */ = {isa = PBXBuildFile; fileRef = 8607E5772954F6AC00254FCD /* AppRouter.swift */; };
		8607E57B2954F73D00254FCD /* AppDelegate.swift in Sources */ = {isa = PBXBuildFile; fileRef = 8607E57A2954F73D00254FCD /* AppDelegate.swift */; };
		8607E57D2954F74A00254FCD /* SceneDelegate.swift in Sources */ = {isa = PBXBuildFile; fileRef = 8607E57C2954F74A00254FCD /* SceneDelegate.swift */; };
		8607E5802954F83E00254FCD /* Provider.swift in Sources */ = {isa = PBXBuildFile; fileRef = 8607E57F2954F83E00254FCD /* Provider.swift */; };
		8607E5822954F86500254FCD /* NetworkError.swift in Sources */ = {isa = PBXBuildFile; fileRef = 8607E5812954F86500254FCD /* NetworkError.swift */; };
		8607E5892954F97300254FCD /* HTTPMethod.swift in Sources */ = {isa = PBXBuildFile; fileRef = 8607E5882954F97300254FCD /* HTTPMethod.swift */; };
		8607E58C2954FBF100254FCD /* ProductListService.swift in Sources */ = {isa = PBXBuildFile; fileRef = 8607E58B2954FBF100254FCD /* ProductListService.swift */; };
		8607E5A8295519A800254FCD /* ProductModel.swift in Sources */ = {isa = PBXBuildFile; fileRef = 8607E5A7295519A800254FCD /* ProductModel.swift */; };
		8607E5AA29551AC600254FCD /* ProductService.swift in Sources */ = {isa = PBXBuildFile; fileRef = 8607E5A929551AC600254FCD /* ProductService.swift */; };
		8607E5AE29551FE400254FCD /* CustomTabBarView.swift in Sources */ = {isa = PBXBuildFile; fileRef = 8607E5AD29551FE400254FCD /* CustomTabBarView.swift */; };
		8607E5B22955371A00254FCD /* ButtomCurve.swift in Sources */ = {isa = PBXBuildFile; fileRef = 8607E5B12955371A00254FCD /* ButtomCurve.swift */; };
		8607E5B72955443F00254FCD /* Color+EX.swift in Sources */ = {isa = PBXBuildFile; fileRef = 8607E5B62955443F00254FCD /* Color+EX.swift */; };
		8607E5BA295546B400254FCD /* MainViewModel.swift in Sources */ = {isa = PBXBuildFile; fileRef = 8607E5B9295546B400254FCD /* MainViewModel.swift */; };
		8607E5BC29554F7B00254FCD /* Home.swift in Sources */ = {isa = PBXBuildFile; fileRef = 8607E5BB29554F7B00254FCD /* Home.swift */; };
		8607E5BE295561C000254FCD /* ImageService.swift in Sources */ = {isa = PBXBuildFile; fileRef = 8607E5BD295561C000254FCD /* ImageService.swift */; };
		8607E5C02955663F00254FCD /* ImageView.swift in Sources */ = {isa = PBXBuildFile; fileRef = 8607E5BF2955663F00254FCD /* ImageView.swift */; };
		8607E5C22955664B00254FCD /* ImageViewModel.swift in Sources */ = {isa = PBXBuildFile; fileRef = 8607E5C12955664B00254FCD /* ImageViewModel.swift */; };
		867E9E262956C90D00C8698D /* DetailView.swift in Sources */ = {isa = PBXBuildFile; fileRef = 867E9E252956C90D00C8698D /* DetailView.swift */; };
		867E9E28295701E300C8698D /* DetailViewModel.swift in Sources */ = {isa = PBXBuildFile; fileRef = 867E9E27295701E300C8698D /* DetailViewModel.swift */; };
		867E9E2A2957200C00C8698D /* PreviewProvider.swift in Sources */ = {isa = PBXBuildFile; fileRef = 867E9E292957200C00C8698D /* PreviewProvider.swift */; };
		86F049EB295730D4007CC401 /* ImagePicker.swift in Sources */ = {isa = PBXBuildFile; fileRef = 86F049EA295730D4007CC401 /* ImagePicker.swift */; };
		86F049EE29581A68007CC401 /* HomeViewModel.swift in Sources */ = {isa = PBXBuildFile; fileRef = 86F049ED29581A68007CC401 /* HomeViewModel.swift */; };
		86F049F329581B6F007CC401 /* AddProductViewModel.swift in Sources */ = {isa = PBXBuildFile; fileRef = 86F049F229581B6F007CC401 /* AddProductViewModel.swift */; };
		86F049F529581B82007CC401 /* AddProductView.swift in Sources */ = {isa = PBXBuildFile; fileRef = 86F049F429581B82007CC401 /* AddProductView.swift */; };
/* End PBXBuildFile section */

/* Begin PBXFileReference section */
		8607E5572954F18300254FCD /* OpenMarket.app */ = {isa = PBXFileReference; explicitFileType = wrapper.application; includeInIndex = 0; path = OpenMarket.app; sourceTree = BUILT_PRODUCTS_DIR; };
		8607E55C2954F18300254FCD /* MainView.swift */ = {isa = PBXFileReference; lastKnownFileType = sourcecode.swift; path = MainView.swift; sourceTree = "<group>"; };
		8607E55E2954F18400254FCD /* Assets.xcassets */ = {isa = PBXFileReference; lastKnownFileType = folder.assetcatalog; path = Assets.xcassets; sourceTree = "<group>"; };
		8607E5612954F18400254FCD /* Preview Assets.xcassets */ = {isa = PBXFileReference; lastKnownFileType = folder.assetcatalog; path = "Preview Assets.xcassets"; sourceTree = "<group>"; };
		8607E56A2954F4EF00254FCD /* URLRequestManager.swift */ = {isa = PBXFileReference; lastKnownFileType = sourcecode.swift; path = URLRequestManager.swift; sourceTree = "<group>"; };
		8607E56D2954F54600254FCD /* ProductListModel.swift */ = {isa = PBXFileReference; lastKnownFileType = sourcecode.swift; path = ProductListModel.swift; sourceTree = "<group>"; };
		8607E5702954F68F00254FCD /* NavigationTranisitionStyle.swift */ = {isa = PBXFileReference; lastKnownFileType = sourcecode.swift; path = NavigationTranisitionStyle.swift; sourceTree = "<group>"; };
		8607E5722954F69800254FCD /* NavigationRouter.swift */ = {isa = PBXFileReference; lastKnownFileType = sourcecode.swift; path = NavigationRouter.swift; sourceTree = "<group>"; };
		8607E5752954F6A700254FCD /* Coordinator.swift */ = {isa = PBXFileReference; lastKnownFileType = sourcecode.swift; path = Coordinator.swift; sourceTree = "<group>"; };
		8607E5772954F6AC00254FCD /* AppRouter.swift */ = {isa = PBXFileReference; lastKnownFileType = sourcecode.swift; path = AppRouter.swift; sourceTree = "<group>"; };
		8607E57A2954F73D00254FCD /* AppDelegate.swift */ = {isa = PBXFileReference; lastKnownFileType = sourcecode.swift; path = AppDelegate.swift; sourceTree = "<group>"; };
		8607E57C2954F74A00254FCD /* SceneDelegate.swift */ = {isa = PBXFileReference; lastKnownFileType = sourcecode.swift; path = SceneDelegate.swift; sourceTree = "<group>"; };
		8607E57F2954F83E00254FCD /* Provider.swift */ = {isa = PBXFileReference; lastKnownFileType = sourcecode.swift; path = Provider.swift; sourceTree = "<group>"; };
		8607E5812954F86500254FCD /* NetworkError.swift */ = {isa = PBXFileReference; lastKnownFileType = sourcecode.swift; path = NetworkError.swift; sourceTree = "<group>"; };
		8607E5882954F97300254FCD /* HTTPMethod.swift */ = {isa = PBXFileReference; lastKnownFileType = sourcecode.swift; path = HTTPMethod.swift; sourceTree = "<group>"; };
		8607E58B2954FBF100254FCD /* ProductListService.swift */ = {isa = PBXFileReference; lastKnownFileType = sourcecode.swift; path = ProductListService.swift; sourceTree = "<group>"; };
		8607E5A7295519A800254FCD /* ProductModel.swift */ = {isa = PBXFileReference; lastKnownFileType = sourcecode.swift; path = ProductModel.swift; sourceTree = "<group>"; };
		8607E5A929551AC600254FCD /* ProductService.swift */ = {isa = PBXFileReference; lastKnownFileType = sourcecode.swift; path = ProductService.swift; sourceTree = "<group>"; };
		8607E5AD29551FE400254FCD /* CustomTabBarView.swift */ = {isa = PBXFileReference; lastKnownFileType = sourcecode.swift; path = CustomTabBarView.swift; sourceTree = "<group>"; };
		8607E5B12955371A00254FCD /* ButtomCurve.swift */ = {isa = PBXFileReference; lastKnownFileType = sourcecode.swift; path = ButtomCurve.swift; sourceTree = "<group>"; };
		8607E5B62955443F00254FCD /* Color+EX.swift */ = {isa = PBXFileReference; lastKnownFileType = sourcecode.swift; path = "Color+EX.swift"; sourceTree = "<group>"; };
		8607E5B9295546B400254FCD /* MainViewModel.swift */ = {isa = PBXFileReference; lastKnownFileType = sourcecode.swift; path = MainViewModel.swift; sourceTree = "<group>"; };
		8607E5BB29554F7B00254FCD /* Home.swift */ = {isa = PBXFileReference; lastKnownFileType = sourcecode.swift; path = Home.swift; sourceTree = "<group>"; };
		8607E5BD295561C000254FCD /* ImageService.swift */ = {isa = PBXFileReference; lastKnownFileType = sourcecode.swift; path = ImageService.swift; sourceTree = "<group>"; };
		8607E5BF2955663F00254FCD /* ImageView.swift */ = {isa = PBXFileReference; lastKnownFileType = sourcecode.swift; path = ImageView.swift; sourceTree = "<group>"; };
		8607E5C12955664B00254FCD /* ImageViewModel.swift */ = {isa = PBXFileReference; lastKnownFileType = sourcecode.swift; path = ImageViewModel.swift; sourceTree = "<group>"; };
		867E9E252956C90D00C8698D /* DetailView.swift */ = {isa = PBXFileReference; lastKnownFileType = sourcecode.swift; path = DetailView.swift; sourceTree = "<group>"; };
		867E9E27295701E300C8698D /* DetailViewModel.swift */ = {isa = PBXFileReference; lastKnownFileType = sourcecode.swift; path = DetailViewModel.swift; sourceTree = "<group>"; };
		867E9E292957200C00C8698D /* PreviewProvider.swift */ = {isa = PBXFileReference; lastKnownFileType = sourcecode.swift; path = PreviewProvider.swift; sourceTree = "<group>"; };
		86F049EA295730D4007CC401 /* ImagePicker.swift */ = {isa = PBXFileReference; lastKnownFileType = sourcecode.swift; path = ImagePicker.swift; sourceTree = "<group>"; };
		86F049ED29581A68007CC401 /* HomeViewModel.swift */ = {isa = PBXFileReference; lastKnownFileType = sourcecode.swift; path = HomeViewModel.swift; sourceTree = "<group>"; };
		86F049F229581B6F007CC401 /* AddProductViewModel.swift */ = {isa = PBXFileReference; lastKnownFileType = sourcecode.swift; path = AddProductViewModel.swift; sourceTree = "<group>"; };
		86F049F429581B82007CC401 /* AddProductView.swift */ = {isa = PBXFileReference; lastKnownFileType = sourcecode.swift; path = AddProductView.swift; sourceTree = "<group>"; };
/* End PBXFileReference section */

/* Begin PBXFrameworksBuildPhase section */
		8607E5542954F18300254FCD /* Frameworks */ = {
			isa = PBXFrameworksBuildPhase;
			buildActionMask = 2147483647;
			files = (
			);
			runOnlyForDeploymentPostprocessing = 0;
		};
/* End PBXFrameworksBuildPhase section */

/* Begin PBXGroup section */
		8607E54E2954F18300254FCD = {
			isa = PBXGroup;
			children = (
				8607E5592954F18300254FCD /* OpenMarket */,
				8607E5582954F18300254FCD /* Products */,
			);
			sourceTree = "<group>";
		};
		8607E5582954F18300254FCD /* Products */ = {
			isa = PBXGroup;
			children = (
				8607E5572954F18300254FCD /* OpenMarket.app */,
			);
			name = Products;
			sourceTree = "<group>";
		};
		8607E5592954F18300254FCD /* OpenMarket */ = {
			isa = PBXGroup;
			children = (
				8607E5792954F73000254FCD /* Delegate */,
				8607E56F2954F66F00254FCD /* Coordinator */,
				8607E57E2954F76D00254FCD /* View */,
				8607E56C2954F51D00254FCD /* Model */,
				8607E58A2954FBE400254FCD /* Service */,
				8607E5692954F4D400254FCD /* NetWorkManager */,
				8607E55E2954F18400254FCD /* Assets.xcassets */,
				8607E5B42955423E00254FCD /* New Group */,
				8607E5602954F18400254FCD /* Preview Content */,
			);
			path = OpenMarket;
			sourceTree = "<group>";
		};
		8607E5602954F18400254FCD /* Preview Content */ = {
			isa = PBXGroup;
			children = (
				8607E5612954F18400254FCD /* Preview Assets.xcassets */,
			);
			path = "Preview Content";
			sourceTree = "<group>";
		};
		8607E5692954F4D400254FCD /* NetWorkManager */ = {
			isa = PBXGroup;
			children = (
				8607E56A2954F4EF00254FCD /* URLRequestManager.swift */,
				8607E57F2954F83E00254FCD /* Provider.swift */,
				8607E5812954F86500254FCD /* NetworkError.swift */,
				8607E5882954F97300254FCD /* HTTPMethod.swift */,
				8607E5B52955442D00254FCD /* Extension */,
			);
			path = NetWorkManager;
			sourceTree = "<group>";
		};
		8607E56C2954F51D00254FCD /* Model */ = {
			isa = PBXGroup;
			children = (
				8607E56D2954F54600254FCD /* ProductListModel.swift */,
				8607E5A7295519A800254FCD /* ProductModel.swift */,
			);
			path = Model;
			sourceTree = "<group>";
		};
		8607E56F2954F66F00254FCD /* Coordinator */ = {
			isa = PBXGroup;
			children = (
				8607E5702954F68F00254FCD /* NavigationTranisitionStyle.swift */,
				8607E5722954F69800254FCD /* NavigationRouter.swift */,
				8607E5752954F6A700254FCD /* Coordinator.swift */,
				8607E5772954F6AC00254FCD /* AppRouter.swift */,
				8607E5852954F8D400254FCD /* Extension */,
			);
			path = Coordinator;
			sourceTree = "<group>";
		};
		8607E5792954F73000254FCD /* Delegate */ = {
			isa = PBXGroup;
			children = (
				8607E57A2954F73D00254FCD /* AppDelegate.swift */,
				8607E57C2954F74A00254FCD /* SceneDelegate.swift */,
			);
			path = Delegate;
			sourceTree = "<group>";
		};
		8607E57E2954F76D00254FCD /* View */ = {
			isa = PBXGroup;
			children = (
				8607E55C2954F18300254FCD /* MainView.swift */,
				8607E5B9295546B400254FCD /* MainViewModel.swift */,
				867E9E232956C84700C8698D /* TabViews */,
				867E9E2B2957305D00C8698D /* ImagePicker */,
				867E9E212956C81900C8698D /* ImageView */,
				8607E5B32955414700254FCD /* TabBar */,
			);
			path = View;
			sourceTree = "<group>";
		};
		8607E5852954F8D400254FCD /* Extension */ = {
			isa = PBXGroup;
			children = (
				867E9E292957200C00C8698D /* PreviewProvider.swift */,
			);
			path = Extension;
			sourceTree = "<group>";
		};
		8607E58A2954FBE400254FCD /* Service */ = {
			isa = PBXGroup;
			children = (
				8607E58B2954FBF100254FCD /* ProductListService.swift */,
				8607E5A929551AC600254FCD /* ProductService.swift */,
				8607E5BD295561C000254FCD /* ImageService.swift */,
			);
			path = Service;
			sourceTree = "<group>";
		};
		8607E5B32955414700254FCD /* TabBar */ = {
			isa = PBXGroup;
			children = (
				8607E5AD29551FE400254FCD /* CustomTabBarView.swift */,
				8607E5B12955371A00254FCD /* ButtomCurve.swift */,
			);
			path = TabBar;
			sourceTree = "<group>";
		};
		8607E5B42955423E00254FCD /* New Group */ = {
			isa = PBXGroup;
			children = (
			);
			path = "New Group";
			sourceTree = "<group>";
		};
		8607E5B52955442D00254FCD /* Extension */ = {
			isa = PBXGroup;
			children = (
				8607E5B62955443F00254FCD /* Color+EX.swift */,
			);
			path = Extension;
			sourceTree = "<group>";
		};
		867E9E212956C81900C8698D /* ImageView */ = {
			isa = PBXGroup;
			children = (
				8607E5BF2955663F00254FCD /* ImageView.swift */,
				8607E5C12955664B00254FCD /* ImageViewModel.swift */,
			);
			path = ImageView;
			sourceTree = "<group>";
		};
		867E9E232956C84700C8698D /* TabViews */ = {
			isa = PBXGroup;
			children = (
				86F049EC29581996007CC401 /* AddProductView */,
				867E9E242956C8FC00C8698D /* HomeView */,
			);
			path = TabViews;
			sourceTree = "<group>";
		};
		867E9E242956C8FC00C8698D /* HomeView */ = {
			isa = PBXGroup;
			children = (
				8607E5BB29554F7B00254FCD /* Home.swift */,
				86F049ED29581A68007CC401 /* HomeViewModel.swift */,
				86F049EF29581B4E007CC401 /* DetailView */,
			);
			path = HomeView;
			sourceTree = "<group>";
		};
		867E9E2B2957305D00C8698D /* ImagePicker */ = {
			isa = PBXGroup;
			children = (
				86F049EA295730D4007CC401 /* ImagePicker.swift */,
			);
			path = ImagePicker;
			sourceTree = "<group>";
		};
		86F049EC29581996007CC401 /* AddProductView */ = {
			isa = PBXGroup;
			children = (
				86F049F229581B6F007CC401 /* AddProductViewModel.swift */,
				86F049F429581B82007CC401 /* AddProductView.swift */,
			);
			path = AddProductView;
			sourceTree = "<group>";
		};
		86F049EF29581B4E007CC401 /* DetailView */ = {
			isa = PBXGroup;
			children = (
				867E9E252956C90D00C8698D /* DetailView.swift */,
				867E9E27295701E300C8698D /* DetailViewModel.swift */,
			);
			path = DetailView;
			sourceTree = "<group>";
		};
/* End PBXGroup section */

/* Begin PBXNativeTarget section */
		8607E5562954F18300254FCD /* OpenMarket */ = {
			isa = PBXNativeTarget;
			buildConfigurationList = 8607E5652954F18400254FCD /* Build configuration list for PBXNativeTarget "OpenMarket" */;
			buildPhases = (
				8607E5532954F18300254FCD /* Sources */,
				8607E5542954F18300254FCD /* Frameworks */,
				8607E5552954F18300254FCD /* Resources */,
			);
			buildRules = (
			);
			dependencies = (
			);
			name = OpenMarket;
			productName = OpenMarket;
			productReference = 8607E5572954F18300254FCD /* OpenMarket.app */;
			productType = "com.apple.product-type.application";
		};
/* End PBXNativeTarget section */

/* Begin PBXProject section */
		8607E54F2954F18300254FCD /* Project object */ = {
			isa = PBXProject;
			attributes = {
				BuildIndependentTargetsInParallel = 1;
				LastSwiftUpdateCheck = 1410;
				LastUpgradeCheck = 1410;
				TargetAttributes = {
					8607E5562954F18300254FCD = {
						CreatedOnToolsVersion = 14.1;
					};
				};
			};
			buildConfigurationList = 8607E5522954F18300254FCD /* Build configuration list for PBXProject "OpenMarket" */;
			compatibilityVersion = "Xcode 14.0";
			developmentRegion = en;
			hasScannedForEncodings = 0;
			knownRegions = (
				en,
				Base,
			);
			mainGroup = 8607E54E2954F18300254FCD;
			productRefGroup = 8607E5582954F18300254FCD /* Products */;
			projectDirPath = "";
			projectRoot = "";
			targets = (
				8607E5562954F18300254FCD /* OpenMarket */,
			);
		};
/* End PBXProject section */

/* Begin PBXResourcesBuildPhase section */
		8607E5552954F18300254FCD /* Resources */ = {
			isa = PBXResourcesBuildPhase;
			buildActionMask = 2147483647;
			files = (
				8607E5622954F18400254FCD /* Preview Assets.xcassets in Resources */,
				8607E55F2954F18400254FCD /* Assets.xcassets in Resources */,
			);
			runOnlyForDeploymentPostprocessing = 0;
		};
/* End PBXResourcesBuildPhase section */

/* Begin PBXSourcesBuildPhase section */
		8607E5532954F18300254FCD /* Sources */ = {
			isa = PBXSourcesBuildPhase;
			buildActionMask = 2147483647;
			files = (
				8607E55D2954F18300254FCD /* MainView.swift in Sources */,
				867E9E262956C90D00C8698D /* DetailView.swift in Sources */,
				8607E5732954F69800254FCD /* NavigationRouter.swift in Sources */,
				86F049EB295730D4007CC401 /* ImagePicker.swift in Sources */,
				8607E5892954F97300254FCD /* HTTPMethod.swift in Sources */,
				8607E57B2954F73D00254FCD /* AppDelegate.swift in Sources */,
				8607E5AE29551FE400254FCD /* CustomTabBarView.swift in Sources */,
				8607E5C22955664B00254FCD /* ImageViewModel.swift in Sources */,
				8607E56B2954F4EF00254FCD /* URLRequestManager.swift in Sources */,
				8607E5A8295519A800254FCD /* ProductModel.swift in Sources */,
				8607E57D2954F74A00254FCD /* SceneDelegate.swift in Sources */,
				8607E5782954F6AC00254FCD /* AppRouter.swift in Sources */,
				8607E5B22955371A00254FCD /* ButtomCurve.swift in Sources */,
				8607E5712954F68F00254FCD /* NavigationTranisitionStyle.swift in Sources */,
				867E9E28295701E300C8698D /* DetailViewModel.swift in Sources */,
				8607E5C02955663F00254FCD /* ImageView.swift in Sources */,
				8607E58C2954FBF100254FCD /* ProductListService.swift in Sources */,
				86F049F329581B6F007CC401 /* AddProductViewModel.swift in Sources */,
				8607E5BC29554F7B00254FCD /* Home.swift in Sources */,
				8607E5B72955443F00254FCD /* Color+EX.swift in Sources */,
				8607E56E2954F54600254FCD /* ProductListModel.swift in Sources */,
				8607E5BA295546B400254FCD /* MainViewModel.swift in Sources */,
				8607E5802954F83E00254FCD /* Provider.swift in Sources */,
				8607E5822954F86500254FCD /* NetworkError.swift in Sources */,
				86F049F529581B82007CC401 /* AddProductView.swift in Sources */,
				86F049EE29581A68007CC401 /* HomeViewModel.swift in Sources */,
				8607E5BE295561C000254FCD /* ImageService.swift in Sources */,
				8607E5762954F6A700254FCD /* Coordinator.swift in Sources */,
				8607E5AA29551AC600254FCD /* ProductService.swift in Sources */,
				867E9E2A2957200C00C8698D /* PreviewProvider.swift in Sources */,
			);
			runOnlyForDeploymentPostprocessing = 0;
		};
/* End PBXSourcesBuildPhase section */

/* Begin XCBuildConfiguration section */
		8607E5632954F18400254FCD /* Debug */ = {
			isa = XCBuildConfiguration;
			buildSettings = {
				ALWAYS_SEARCH_USER_PATHS = NO;
				CLANG_ANALYZER_NONNULL = YES;
				CLANG_ANALYZER_NUMBER_OBJECT_CONVERSION = YES_AGGRESSIVE;
				CLANG_CXX_LANGUAGE_STANDARD = "gnu++20";
				CLANG_ENABLE_MODULES = YES;
				CLANG_ENABLE_OBJC_ARC = YES;
				CLANG_ENABLE_OBJC_WEAK = YES;
				CLANG_WARN_BLOCK_CAPTURE_AUTORELEASING = YES;
				CLANG_WARN_BOOL_CONVERSION = YES;
				CLANG_WARN_COMMA = YES;
				CLANG_WARN_CONSTANT_CONVERSION = YES;
				CLANG_WARN_DEPRECATED_OBJC_IMPLEMENTATIONS = YES;
				CLANG_WARN_DIRECT_OBJC_ISA_USAGE = YES_ERROR;
				CLANG_WARN_DOCUMENTATION_COMMENTS = YES;
				CLANG_WARN_EMPTY_BODY = YES;
				CLANG_WARN_ENUM_CONVERSION = YES;
				CLANG_WARN_INFINITE_RECURSION = YES;
				CLANG_WARN_INT_CONVERSION = YES;
				CLANG_WARN_NON_LITERAL_NULL_CONVERSION = YES;
				CLANG_WARN_OBJC_IMPLICIT_RETAIN_SELF = YES;
				CLANG_WARN_OBJC_LITERAL_CONVERSION = YES;
				CLANG_WARN_OBJC_ROOT_CLASS = YES_ERROR;
				CLANG_WARN_QUOTED_INCLUDE_IN_FRAMEWORK_HEADER = YES;
				CLANG_WARN_RANGE_LOOP_ANALYSIS = YES;
				CLANG_WARN_STRICT_PROTOTYPES = YES;
				CLANG_WARN_SUSPICIOUS_MOVE = YES;
				CLANG_WARN_UNGUARDED_AVAILABILITY = YES_AGGRESSIVE;
				CLANG_WARN_UNREACHABLE_CODE = YES;
				CLANG_WARN__DUPLICATE_METHOD_MATCH = YES;
				COPY_PHASE_STRIP = NO;
				DEBUG_INFORMATION_FORMAT = dwarf;
				ENABLE_STRICT_OBJC_MSGSEND = YES;
				ENABLE_TESTABILITY = YES;
				GCC_C_LANGUAGE_STANDARD = gnu11;
				GCC_DYNAMIC_NO_PIC = NO;
				GCC_NO_COMMON_BLOCKS = YES;
				GCC_OPTIMIZATION_LEVEL = 0;
				GCC_PREPROCESSOR_DEFINITIONS = (
					"DEBUG=1",
					"$(inherited)",
				);
				GCC_WARN_64_TO_32_BIT_CONVERSION = YES;
				GCC_WARN_ABOUT_RETURN_TYPE = YES_ERROR;
				GCC_WARN_UNDECLARED_SELECTOR = YES;
				GCC_WARN_UNINITIALIZED_AUTOS = YES_AGGRESSIVE;
				GCC_WARN_UNUSED_FUNCTION = YES;
				GCC_WARN_UNUSED_VARIABLE = YES;
				IPHONEOS_DEPLOYMENT_TARGET = 16.1;
				MTL_ENABLE_DEBUG_INFO = INCLUDE_SOURCE;
				MTL_FAST_MATH = YES;
				ONLY_ACTIVE_ARCH = YES;
				SDKROOT = iphoneos;
				SWIFT_ACTIVE_COMPILATION_CONDITIONS = DEBUG;
				SWIFT_OPTIMIZATION_LEVEL = "-Onone";
			};
			name = Debug;
		};
		8607E5642954F18400254FCD /* Release */ = {
			isa = XCBuildConfiguration;
			buildSettings = {
				ALWAYS_SEARCH_USER_PATHS = NO;
				CLANG_ANALYZER_NONNULL = YES;
				CLANG_ANALYZER_NUMBER_OBJECT_CONVERSION = YES_AGGRESSIVE;
				CLANG_CXX_LANGUAGE_STANDARD = "gnu++20";
				CLANG_ENABLE_MODULES = YES;
				CLANG_ENABLE_OBJC_ARC = YES;
				CLANG_ENABLE_OBJC_WEAK = YES;
				CLANG_WARN_BLOCK_CAPTURE_AUTORELEASING = YES;
				CLANG_WARN_BOOL_CONVERSION = YES;
				CLANG_WARN_COMMA = YES;
				CLANG_WARN_CONSTANT_CONVERSION = YES;
				CLANG_WARN_DEPRECATED_OBJC_IMPLEMENTATIONS = YES;
				CLANG_WARN_DIRECT_OBJC_ISA_USAGE = YES_ERROR;
				CLANG_WARN_DOCUMENTATION_COMMENTS = YES;
				CLANG_WARN_EMPTY_BODY = YES;
				CLANG_WARN_ENUM_CONVERSION = YES;
				CLANG_WARN_INFINITE_RECURSION = YES;
				CLANG_WARN_INT_CONVERSION = YES;
				CLANG_WARN_NON_LITERAL_NULL_CONVERSION = YES;
				CLANG_WARN_OBJC_IMPLICIT_RETAIN_SELF = YES;
				CLANG_WARN_OBJC_LITERAL_CONVERSION = YES;
				CLANG_WARN_OBJC_ROOT_CLASS = YES_ERROR;
				CLANG_WARN_QUOTED_INCLUDE_IN_FRAMEWORK_HEADER = YES;
				CLANG_WARN_RANGE_LOOP_ANALYSIS = YES;
				CLANG_WARN_STRICT_PROTOTYPES = YES;
				CLANG_WARN_SUSPICIOUS_MOVE = YES;
				CLANG_WARN_UNGUARDED_AVAILABILITY = YES_AGGRESSIVE;
				CLANG_WARN_UNREACHABLE_CODE = YES;
				CLANG_WARN__DUPLICATE_METHOD_MATCH = YES;
				COPY_PHASE_STRIP = NO;
				DEBUG_INFORMATION_FORMAT = "dwarf-with-dsym";
				ENABLE_NS_ASSERTIONS = NO;
				ENABLE_STRICT_OBJC_MSGSEND = YES;
				GCC_C_LANGUAGE_STANDARD = gnu11;
				GCC_NO_COMMON_BLOCKS = YES;
				GCC_WARN_64_TO_32_BIT_CONVERSION = YES;
				GCC_WARN_ABOUT_RETURN_TYPE = YES_ERROR;
				GCC_WARN_UNDECLARED_SELECTOR = YES;
				GCC_WARN_UNINITIALIZED_AUTOS = YES_AGGRESSIVE;
				GCC_WARN_UNUSED_FUNCTION = YES;
				GCC_WARN_UNUSED_VARIABLE = YES;
				IPHONEOS_DEPLOYMENT_TARGET = 16.1;
				MTL_ENABLE_DEBUG_INFO = NO;
				MTL_FAST_MATH = YES;
				SDKROOT = iphoneos;
				SWIFT_COMPILATION_MODE = wholemodule;
				SWIFT_OPTIMIZATION_LEVEL = "-O";
				VALIDATE_PRODUCT = YES;
			};
			name = Release;
		};
		8607E5662954F18400254FCD /* Debug */ = {
			isa = XCBuildConfiguration;
			buildSettings = {
				ASSETCATALOG_COMPILER_APPICON_NAME = AppIcon;
				ASSETCATALOG_COMPILER_GLOBAL_ACCENT_COLOR_NAME = AccentColor;
				CODE_SIGN_STYLE = Automatic;
				CURRENT_PROJECT_VERSION = 1;
				DEVELOPMENT_ASSET_PATHS = "\"OpenMarket/Preview Content\"";
				DEVELOPMENT_TEAM = YB5KQCLMY6;
				ENABLE_PREVIEWS = YES;
				GENERATE_INFOPLIST_FILE = YES;
				INFOPLIST_KEY_UIApplicationSceneManifest_Generation = YES;
				INFOPLIST_KEY_UIApplicationSupportsIndirectInputEvents = YES;
				INFOPLIST_KEY_UILaunchScreen_Generation = YES;
				INFOPLIST_KEY_UISupportedInterfaceOrientations_iPad = "UIInterfaceOrientationPortrait UIInterfaceOrientationPortraitUpsideDown UIInterfaceOrientationLandscapeLeft UIInterfaceOrientationLandscapeRight";
				INFOPLIST_KEY_UISupportedInterfaceOrientations_iPhone = "UIInterfaceOrientationPortrait UIInterfaceOrientationLandscapeLeft UIInterfaceOrientationLandscapeRight";
				LD_RUNPATH_SEARCH_PATHS = (
					"$(inherited)",
					"@executable_path/Frameworks",
				);
				MARKETING_VERSION = 1.0;
				PRODUCT_BUNDLE_IDENTIFIER = joohan.OpenMarket;
				PRODUCT_NAME = "$(TARGET_NAME)";
				SWIFT_EMIT_LOC_STRINGS = YES;
				SWIFT_VERSION = 5.0;
				TARGETED_DEVICE_FAMILY = "1,2";
			};
			name = Debug;
		};
		8607E5672954F18400254FCD /* Release */ = {
			isa = XCBuildConfiguration;
			buildSettings = {
				ASSETCATALOG_COMPILER_APPICON_NAME = AppIcon;
				ASSETCATALOG_COMPILER_GLOBAL_ACCENT_COLOR_NAME = AccentColor;
				CODE_SIGN_STYLE = Automatic;
				CURRENT_PROJECT_VERSION = 1;
				DEVELOPMENT_ASSET_PATHS = "\"OpenMarket/Preview Content\"";
				DEVELOPMENT_TEAM = YB5KQCLMY6;
				ENABLE_PREVIEWS = YES;
				GENERATE_INFOPLIST_FILE = YES;
				INFOPLIST_KEY_UIApplicationSceneManifest_Generation = YES;
				INFOPLIST_KEY_UIApplicationSupportsIndirectInputEvents = YES;
				INFOPLIST_KEY_UILaunchScreen_Generation = YES;
				INFOPLIST_KEY_UISupportedInterfaceOrientations_iPad = "UIInterfaceOrientationPortrait UIInterfaceOrientationPortraitUpsideDown UIInterfaceOrientationLandscapeLeft UIInterfaceOrientationLandscapeRight";
				INFOPLIST_KEY_UISupportedInterfaceOrientations_iPhone = "UIInterfaceOrientationPortrait UIInterfaceOrientationLandscapeLeft UIInterfaceOrientationLandscapeRight";
				LD_RUNPATH_SEARCH_PATHS = (
					"$(inherited)",
					"@executable_path/Frameworks",
				);
				MARKETING_VERSION = 1.0;
				PRODUCT_BUNDLE_IDENTIFIER = joohan.OpenMarket;
				PRODUCT_NAME = "$(TARGET_NAME)";
				SWIFT_EMIT_LOC_STRINGS = YES;
				SWIFT_VERSION = 5.0;
				TARGETED_DEVICE_FAMILY = "1,2";
			};
			name = Release;
		};
/* End XCBuildConfiguration section */

/* Begin XCConfigurationList section */
		8607E5522954F18300254FCD /* Build configuration list for PBXProject "OpenMarket" */ = {
			isa = XCConfigurationList;
			buildConfigurations = (
				8607E5632954F18400254FCD /* Debug */,
				8607E5642954F18400254FCD /* Release */,
			);
			defaultConfigurationIsVisible = 0;
			defaultConfigurationName = Release;
		};
		8607E5652954F18400254FCD /* Build configuration list for PBXNativeTarget "OpenMarket" */ = {
			isa = XCConfigurationList;
			buildConfigurations = (
				8607E5662954F18400254FCD /* Debug */,
				8607E5672954F18400254FCD /* Release */,
			);
			defaultConfigurationIsVisible = 0;
			defaultConfigurationName = Release;
		};
/* End XCConfigurationList section */
	};
	rootObject = 8607E54F2954F18300254FCD /* Project object */;
}
